{
  "name": "scuttlebutt-docs",
  "version": "1.0.0",
  "lockfileVersion": 1,
  "requires": true,
  "dependencies": {
    "gitbook-plugin-folding-menu": {
      "version": "1.0.1",
      "resolved": "https://registry.npmjs.org/gitbook-plugin-folding-menu/-/gitbook-plugin-folding-menu-1.0.1.tgz",
      "integrity": "sha512-v4DYQuirkRdC5VvOgNcmHaR56NlllFmli5b82tbmWmLg4j99EUsVrsuc/Z5GEwolkShGZ892uPzqLQ+UmeKxpw==",
      "dev": true
    }
  }
}
